
Microsoft Visual Studio Solution File, Format Version 12.00
# Visual Studio 2013
VisualStudioVersion = 12.0.21005.1
MinimumVisualStudioVersion = 10.0.40219.1
Project("{2150E333-8FDC-42A3-9474-1A3956D46DE8}") = "05 泛型", "05 泛型", "{9358A324-0032-4700-B41C-08F4AA697046}"
EndProject
Project("{FAE04EC0-301F-11D3-BF4B-00C04F79EFBC}") = "3-DocumentManager", "..\502259 Code CH05\Generics\GenericsSamples\DocumentManager\3-DocumentManager.csproj", "{9D5118DE-5C37-4817-9FF8-FD689DC956A8}"
EndProject
Project("{FAE04EC0-301F-11D3-BF4B-00C04F79EFBC}") = "4-GenericMethods", "..\502259 Code CH05\Generics\GenericsSamples\GenericMethods\4-GenericMethods.csproj", "{8B2FB46C-B2ED-4616-8206-F7D59DC3333A}"
EndProject
Project("{FAE04EC0-301F-11D3-BF4B-00C04F79EFBC}") = "1-LinkedListObjects", "..\502259 Code CH05\Generics\GenericsSamples\LinkedListObjects\1-LinkedListObjects.csproj", "{3775B2BA-6126-4CF2-BCAF-2F1A9BC30F77}"
EndProject
Project("{FAE04EC0-301F-11D3-BF4B-00C04F79EFBC}") = "2-LinkedListSample", "..\502259 Code CH05\Generics\GenericsSamples\LinkedListSample\2-LinkedListSample.csproj", "{887DB7A1-F396-4614-B0E9-D7E91D441CF3}"
EndProject
Project("{FAE04EC0-301F-11D3-BF4B-00C04F79EFBC}") = "5-Specialization", "..\502259 Code CH05\Generics\GenericsSamples\Specialization\5-Specialization.csproj", "{9270E07B-5BD2-4DEB-B087-8B593D441099}"
EndProject
Project("{FAE04EC0-301F-11D3-BF4B-00C04F79EFBC}") = "6-Variance", "..\502259 Code CH05\Generics\GenericsSamples\Variance\6-Variance.csproj", "{D816EB10-F9DB-43E4-B212-2DF9C3BDDEC4}"
EndProject
Project("{2150E333-8FDC-42A3-9474-1A3956D46DE8}") = "06 数组", "06 数组", "{AC381322-CCFA-4682-9558-1B91E7EC9F27}"
EndProject
Project("{FAE04EC0-301F-11D3-BF4B-00C04F79EFBC}") = "3-ArraySegmentSample", "..\502259 Code CH06\ArraySegmentSample\ArraySegmentSample\3-ArraySegmentSample.csproj", "{47E0AAA3-3795-4A63-86EB-13AE9124957E}"
EndProject
Project("{FAE04EC0-301F-11D3-BF4B-00C04F79EFBC}") = "1-Sample1", "..\502259 Code CH06\ArraysSamples\Sample1\1-Sample1.csproj", "{BC2F228E-A859-4900-8064-64BFF008A677}"
EndProject
Project("{FAE04EC0-301F-11D3-BF4B-00C04F79EFBC}") = "2-SortingSample", "..\502259 Code CH06\SortingSample\SortingSample\2-SortingSample.csproj", "{27A0F770-3B17-436D-8950-F17D8FEE06FC}"
EndProject
Project("{2150E333-8FDC-42A3-9474-1A3956D46DE8}") = "07 运算符和类型强制转换", "07 运算符和类型强制转换", "{1CC9E3A7-3B5A-4222-BC7C-9503BE79E2EB}"
EndProject
Project("{FAE04EC0-301F-11D3-BF4B-00C04F79EFBC}") = "3-SimpleCurrency", "..\502259 Code CH07\502259 Code CH07\SimpleCurrency\SimpleCurrency\3-SimpleCurrency.csproj", "{E90AC2FD-3158-4386-AD3E-9E3721F3195E}"
EndProject
Project("{FAE04EC0-301F-11D3-BF4B-00C04F79EFBC}") = "4-SimpleCurrency2", "..\502259 Code CH07\502259 Code CH07\SimpleCurrency2\SimpleCurrency2\4-SimpleCurrency2.csproj", "{5FDD5596-8755-4022-8C1D-4FD88A0732E3}"
EndProject
Project("{FAE04EC0-301F-11D3-BF4B-00C04F79EFBC}") = "1-VectorStruct", "..\502259 Code CH07\502259 Code CH07\VectorStruct\VectorStruct\1-VectorStruct.csproj", "{D309F87A-913E-4D36-A760-38BEFA07FB3E}"
EndProject
Project("{FAE04EC0-301F-11D3-BF4B-00C04F79EFBC}") = "2-VectorStructMoreOverloads", "..\502259 Code CH07\502259 Code CH07\VectorStructMoreOverloads\VectorStructMoreOverloads\2-VectorStructMoreOverloads.csproj", "{A7B64FAA-9006-4C8E-AB29-7B2B994B3951}"
EndProject
Project("{2150E333-8FDC-42A3-9474-1A3956D46DE8}") = "08 委托，lambda表达式和事件", "08 委托，lambda表达式和事件", "{F7CA710C-6EFA-400B-84BC-EE51062531F7}"
EndProject
Project("{FAE04EC0-301F-11D3-BF4B-00C04F79EFBC}") = "6-AnonymousMethods", "..\502259 Code CH08\DelegatesAndEventsSamples\AnonymousMethods\6-AnonymousMethods.csproj", "{C9FB85E8-041C-4F75-9710-49C02F616B6F}"
EndProject
Project("{FAE04EC0-301F-11D3-BF4B-00C04F79EFBC}") = "3-BubbleSorter", "..\502259 Code CH08\DelegatesAndEventsSamples\BubbleSorter\3-BubbleSorter.csproj", "{EDA60059-C981-4F3A-A6E8-38929EDEE1F8}"
EndProject
Project("{FAE04EC0-301F-11D3-BF4B-00C04F79EFBC}") = "BubblingSample", "..\502259 Code CH08\DelegatesAndEventsSamples\BubblingSample\BubblingSample.csproj", "{CB22312F-08DC-49C2-8F50-307312EE94A9}"
EndProject
Project("{FAE04EC0-301F-11D3-BF4B-00C04F79EFBC}") = "8-EventsSample", "..\502259 Code CH08\DelegatesAndEventsSamples\EventsSample\8-EventsSample.csproj", "{3C94E0CF-EE81-4A05-989A-360B82C7A525}"
EndProject
Project("{FAE04EC0-301F-11D3-BF4B-00C04F79EFBC}") = "1-GetAStringDemo", "..\502259 Code CH08\DelegatesAndEventsSamples\GetAStringDemo\1-GetAStringDemo.csproj", "{586CB9EA-729D-45E1-8245-35EA81094BFB}"
EndProject
Project("{FAE04EC0-301F-11D3-BF4B-00C04F79EFBC}") = "7-LambdaExpressions", "..\502259 Code CH08\DelegatesAndEventsSamples\LambdaExpressions\7-LambdaExpressions.csproj", "{947BFBF8-DF86-4B54-BE29-B6E650A53407}"
EndProject
Project("{FAE04EC0-301F-11D3-BF4B-00C04F79EFBC}") = "4-MulticastDelegates", "..\502259 Code CH08\DelegatesAndEventsSamples\MulticastDelegates\4-MulticastDelegates.csproj", "{B67DE150-4C4E-473C-98CA-706A160D1F31}"
EndProject
Project("{FAE04EC0-301F-11D3-BF4B-00C04F79EFBC}") = "5-MulticastDelegateWithIteration", "..\502259 Code CH08\DelegatesAndEventsSamples\MulticastDelegateWithIteration\5-MulticastDelegateWithIteration.csproj", "{165FC678-7BD5-4325-849E-C12E6D3DC54A}"
EndProject
Project("{FAE04EC0-301F-11D3-BF4B-00C04F79EFBC}") = "2-SimpleDelegates", "..\502259 Code CH08\DelegatesAndEventsSamples\SimpleDelegates\2-SimpleDelegates.csproj", "{9148A432-0C83-4417-9818-D897FE2E14BB}"
EndProject
Project("{FAE04EC0-301F-11D3-BF4B-00C04F79EFBC}") = "9-WeakEventsSample", "..\502259 Code CH08\DelegatesAndEventsSamples\WeakEventsSample\9-WeakEventsSample.csproj", "{3F262DD4-DDAE-4D7F-BB24-ECB490D19BA2}"
EndProject
Project("{2150E333-8FDC-42A3-9474-1A3956D46DE8}") = "09 字符串和正则表达式", "09 字符串和正则表达式", "{59B2416B-4520-462C-B515-E3EAEB0DC9E9}"
EndProject
Project("{FAE04EC0-301F-11D3-BF4B-00C04F79EFBC}") = "Encoder", "..\502259 Code CH09\Code CH09\Encoder.csproj", "{D712D0D6-541B-48E0-8498-EEF3FBAC99DF}"
EndProject
Project("{FAE04EC0-301F-11D3-BF4B-00C04F79EFBC}") = "StringEncoder", "..\502259 Code CH09\ConsoleApplication1\StringEncoder.csproj", "{97F770D9-A48C-43EB-8909-6DA2BE3FBB39}"
EndProject
Project("{FAE04EC0-301F-11D3-BF4B-00C04F79EFBC}") = "Encoder2", "..\502259 Code CH09\Encoder2\Encoder2.csproj", "{96016189-0F10-48E6-8C9F-ABA6FE7B354A}"
EndProject
Project("{FAE04EC0-301F-11D3-BF4B-00C04F79EFBC}") = "FormattableVector", "..\502259 Code CH09\FormattableVector\FormattableVector.csproj", "{17750EDB-A99F-4F4B-B7A1-C4C4F6C4B612}"
EndProject
Project("{FAE04EC0-301F-11D3-BF4B-00C04F79EFBC}") = "RegularExpressionsPlayaround", "..\502259 Code CH09\RegularExpressionsPlayaround\RegularExpressionsPlayaround.csproj", "{F05A47F8-B6EF-4E01-8CB8-8980B9D5F0A3}"
EndProject
Project("{2150E333-8FDC-42A3-9474-1A3956D46DE8}") = "10 集合", "10 集合", "{72E2A8A4-1E32-4549-9ACE-55399C6B6AE4}"
EndProject
Project("{2150E333-8FDC-42A3-9474-1A3956D46DE8}") = "11 LINQ", "11 LINQ", "{524A9044-1229-4A2C-9282-3787F33D1CDC}"
EndProject
Project("{FAE04EC0-301F-11D3-BF4B-00C04F79EFBC}") = "9-W-BitArraySample", "..\502259 Code CH10\CollectionsSamples\BitArraySample\9-W-BitArraySample.csproj", "{B182B737-BCFF-41FE-B57B-01D94BC361BB}"
EndProject
Project("{FAE04EC0-301F-11D3-BF4B-00C04F79EFBC}") = "9-Z-ConcurrentSample", "..\502259 Code CH10\CollectionsSamples\ConcurrentSample\9-Z-ConcurrentSample.csproj", "{C507B0F5-5790-4AF9-AA83-BEE1E0FF8990}"
EndProject
Project("{FAE04EC0-301F-11D3-BF4B-00C04F79EFBC}") = "6-DictionarySample", "..\502259 Code CH10\CollectionsSamples\DictionarySample\6-DictionarySample.csproj", "{4F1676B8-82A9-4393-8D64-8D0171DEBEB3}"
EndProject
Project("{FAE04EC0-301F-11D3-BF4B-00C04F79EFBC}") = "5-LinkedListSample", "..\502259 Code CH10\CollectionsSamples\LinkedListSample\5-LinkedListSample.csproj", "{1ED76F79-FFF2-4F69-A9DE-41760C69CEBD}"
EndProject
Project("{FAE04EC0-301F-11D3-BF4B-00C04F79EFBC}") = "1-ListSamples", "..\502259 Code CH10\CollectionsSamples\ListSamples\1-ListSamples.csproj", "{253BDCC1-BBBB-4ACF-BD10-0F50C05A6FC1}"
EndProject
Project("{FAE04EC0-301F-11D3-BF4B-00C04F79EFBC}") = "7-LookupSample", "..\502259 Code CH10\CollectionsSamples\LookupSample\7-LookupSample.csproj", "{975E664E-55E7-4490-8FF3-B7A09D5B164A}"
EndProject
Project("{FAE04EC0-301F-11D3-BF4B-00C04F79EFBC}") = "9-ObservableCollectionSample", "..\502259 Code CH10\CollectionsSamples\ObservableCollectionSample\9-ObservableCollectionSample.csproj", "{F7F92E5A-BCC6-4C9E-BF97-9478FF416566}"
EndProject
Project("{FAE04EC0-301F-11D3-BF4B-00C04F79EFBC}") = "3-QueueSample", "..\502259 Code CH10\CollectionsSamples\QueueSample\3-QueueSample.csproj", "{087CC332-FBB3-425E-9707-090DDD0ED66A}"
EndProject
Project("{FAE04EC0-301F-11D3-BF4B-00C04F79EFBC}") = "8-SetSample", "..\502259 Code CH10\CollectionsSamples\SetSample\8-SetSample.csproj", "{64833393-F89B-4B5A-B716-8B81246623FF}"
EndProject
Project("{FAE04EC0-301F-11D3-BF4B-00C04F79EFBC}") = "2-SortedListSample", "..\502259 Code CH10\CollectionsSamples\SortedListSample\2-SortedListSample.csproj", "{4462F579-91C1-4B8A-8475-6223C7E5453E}"
EndProject
Project("{FAE04EC0-301F-11D3-BF4B-00C04F79EFBC}") = "4-StackSample", "..\502259 Code CH10\CollectionsSamples\StackSample\4-StackSample.csproj", "{9922CBA9-A4EE-452B-BC2F-BA75BD9D4657}"
EndProject
Project("{FAE04EC0-301F-11D3-BF4B-00C04F79EFBC}") = "DataLib", "..\502259 Code CH11\LINQSamples\DataLib\DataLib.csproj", "{F53186B1-2631-4287-9A1D-C8B3D4144240}"
EndProject
Project("{FAE04EC0-301F-11D3-BF4B-00C04F79EFBC}") = "EnumerableSample", "..\502259 Code CH11\LINQSamples\EnumerableSample\EnumerableSample.csproj", "{2BC49157-C2D6-4E46-8A64-D4E7441767D5}"
EndProject
Project("{FAE04EC0-301F-11D3-BF4B-00C04F79EFBC}") = "ExpressionTreeSample", "..\502259 Code CH11\LINQSamples\ExpressionTreeSample\ExpressionTreeSample.csproj", "{8463CFE4-9CAA-4CD7-941E-21338AC23B79}"
EndProject
Project("{FAE04EC0-301F-11D3-BF4B-00C04F79EFBC}") = "LINQIntro", "..\502259 Code CH11\LINQSamples\LINQIntro\LINQIntro.csproj", "{AF821EFF-BFDC-4B1F-A077-C67EE2F4D23B}"
EndProject
Project("{FAE04EC0-301F-11D3-BF4B-00C04F79EFBC}") = "ParallelLinqSample", "..\502259 Code CH11\LINQSamples\ParallelLinqSample\ParallelLinqSample.csproj", "{0665A714-A343-40E2-A354-F80D87ACCA99}"
EndProject
Global
	GlobalSection(SolutionConfigurationPlatforms) = preSolution
		Debug|Any CPU = Debug|Any CPU
		Debug|Mixed Platforms = Debug|Mixed Platforms
		Debug|x86 = Debug|x86
		Release|Any CPU = Release|Any CPU
		Release|Mixed Platforms = Release|Mixed Platforms
		Release|x86 = Release|x86
	EndGlobalSection
	GlobalSection(ProjectConfigurationPlatforms) = postSolution
		{9D5118DE-5C37-4817-9FF8-FD689DC956A8}.Debug|Any CPU.ActiveCfg = Debug|x86
		{9D5118DE-5C37-4817-9FF8-FD689DC956A8}.Debug|Mixed Platforms.ActiveCfg = Debug|x86
		{9D5118DE-5C37-4817-9FF8-FD689DC956A8}.Debug|Mixed Platforms.Build.0 = Debug|x86
		{9D5118DE-5C37-4817-9FF8-FD689DC956A8}.Debug|x86.ActiveCfg = Debug|x86
		{9D5118DE-5C37-4817-9FF8-FD689DC956A8}.Debug|x86.Build.0 = Debug|x86
		{9D5118DE-5C37-4817-9FF8-FD689DC956A8}.Release|Any CPU.ActiveCfg = Release|x86
		{9D5118DE-5C37-4817-9FF8-FD689DC956A8}.Release|Mixed Platforms.ActiveCfg = Release|x86
		{9D5118DE-5C37-4817-9FF8-FD689DC956A8}.Release|Mixed Platforms.Build.0 = Release|x86
		{9D5118DE-5C37-4817-9FF8-FD689DC956A8}.Release|x86.ActiveCfg = Release|x86
		{9D5118DE-5C37-4817-9FF8-FD689DC956A8}.Release|x86.Build.0 = Release|x86
		{8B2FB46C-B2ED-4616-8206-F7D59DC3333A}.Debug|Any CPU.ActiveCfg = Debug|x86
		{8B2FB46C-B2ED-4616-8206-F7D59DC3333A}.Debug|Mixed Platforms.ActiveCfg = Debug|x86
		{8B2FB46C-B2ED-4616-8206-F7D59DC3333A}.Debug|Mixed Platforms.Build.0 = Debug|x86
		{8B2FB46C-B2ED-4616-8206-F7D59DC3333A}.Debug|x86.ActiveCfg = Debug|x86
		{8B2FB46C-B2ED-4616-8206-F7D59DC3333A}.Debug|x86.Build.0 = Debug|x86
		{8B2FB46C-B2ED-4616-8206-F7D59DC3333A}.Release|Any CPU.ActiveCfg = Release|x86
		{8B2FB46C-B2ED-4616-8206-F7D59DC3333A}.Release|Mixed Platforms.ActiveCfg = Release|x86
		{8B2FB46C-B2ED-4616-8206-F7D59DC3333A}.Release|Mixed Platforms.Build.0 = Release|x86
		{8B2FB46C-B2ED-4616-8206-F7D59DC3333A}.Release|x86.ActiveCfg = Release|x86
		{8B2FB46C-B2ED-4616-8206-F7D59DC3333A}.Release|x86.Build.0 = Release|x86
		{3775B2BA-6126-4CF2-BCAF-2F1A9BC30F77}.Debug|Any CPU.ActiveCfg = Debug|x86
		{3775B2BA-6126-4CF2-BCAF-2F1A9BC30F77}.Debug|Mixed Platforms.ActiveCfg = Debug|x86
		{3775B2BA-6126-4CF2-BCAF-2F1A9BC30F77}.Debug|Mixed Platforms.Build.0 = Debug|x86
		{3775B2BA-6126-4CF2-BCAF-2F1A9BC30F77}.Debug|x86.ActiveCfg = Debug|x86
		{3775B2BA-6126-4CF2-BCAF-2F1A9BC30F77}.Debug|x86.Build.0 = Debug|x86
		{3775B2BA-6126-4CF2-BCAF-2F1A9BC30F77}.Release|Any CPU.ActiveCfg = Release|x86
		{3775B2BA-6126-4CF2-BCAF-2F1A9BC30F77}.Release|Mixed Platforms.ActiveCfg = Release|x86
		{3775B2BA-6126-4CF2-BCAF-2F1A9BC30F77}.Release|Mixed Platforms.Build.0 = Release|x86
		{3775B2BA-6126-4CF2-BCAF-2F1A9BC30F77}.Release|x86.ActiveCfg = Release|x86
		{3775B2BA-6126-4CF2-BCAF-2F1A9BC30F77}.Release|x86.Build.0 = Release|x86
		{887DB7A1-F396-4614-B0E9-D7E91D441CF3}.Debug|Any CPU.ActiveCfg = Debug|x86
		{887DB7A1-F396-4614-B0E9-D7E91D441CF3}.Debug|Mixed Platforms.ActiveCfg = Debug|x86
		{887DB7A1-F396-4614-B0E9-D7E91D441CF3}.Debug|Mixed Platforms.Build.0 = Debug|x86
		{887DB7A1-F396-4614-B0E9-D7E91D441CF3}.Debug|x86.ActiveCfg = Debug|x86
		{887DB7A1-F396-4614-B0E9-D7E91D441CF3}.Debug|x86.Build.0 = Debug|x86
		{887DB7A1-F396-4614-B0E9-D7E91D441CF3}.Release|Any CPU.ActiveCfg = Release|x86
		{887DB7A1-F396-4614-B0E9-D7E91D441CF3}.Release|Mixed Platforms.ActiveCfg = Release|x86
		{887DB7A1-F396-4614-B0E9-D7E91D441CF3}.Release|Mixed Platforms.Build.0 = Release|x86
		{887DB7A1-F396-4614-B0E9-D7E91D441CF3}.Release|x86.ActiveCfg = Release|x86
		{887DB7A1-F396-4614-B0E9-D7E91D441CF3}.Release|x86.Build.0 = Release|x86
		{9270E07B-5BD2-4DEB-B087-8B593D441099}.Debug|Any CPU.ActiveCfg = Debug|x86
		{9270E07B-5BD2-4DEB-B087-8B593D441099}.Debug|Mixed Platforms.ActiveCfg = Debug|x86
		{9270E07B-5BD2-4DEB-B087-8B593D441099}.Debug|Mixed Platforms.Build.0 = Debug|x86
		{9270E07B-5BD2-4DEB-B087-8B593D441099}.Debug|x86.ActiveCfg = Debug|x86
		{9270E07B-5BD2-4DEB-B087-8B593D441099}.Debug|x86.Build.0 = Debug|x86
		{9270E07B-5BD2-4DEB-B087-8B593D441099}.Release|Any CPU.ActiveCfg = Release|x86
		{9270E07B-5BD2-4DEB-B087-8B593D441099}.Release|Mixed Platforms.ActiveCfg = Release|x86
		{9270E07B-5BD2-4DEB-B087-8B593D441099}.Release|Mixed Platforms.Build.0 = Release|x86
		{9270E07B-5BD2-4DEB-B087-8B593D441099}.Release|x86.ActiveCfg = Release|x86
		{9270E07B-5BD2-4DEB-B087-8B593D441099}.Release|x86.Build.0 = Release|x86
		{D816EB10-F9DB-43E4-B212-2DF9C3BDDEC4}.Debug|Any CPU.ActiveCfg = Debug|x86
		{D816EB10-F9DB-43E4-B212-2DF9C3BDDEC4}.Debug|Mixed Platforms.ActiveCfg = Debug|x86
		{D816EB10-F9DB-43E4-B212-2DF9C3BDDEC4}.Debug|Mixed Platforms.Build.0 = Debug|x86
		{D816EB10-F9DB-43E4-B212-2DF9C3BDDEC4}.Debug|x86.ActiveCfg = Debug|x86
		{D816EB10-F9DB-43E4-B212-2DF9C3BDDEC4}.Debug|x86.Build.0 = Debug|x86
		{D816EB10-F9DB-43E4-B212-2DF9C3BDDEC4}.Release|Any CPU.ActiveCfg = Release|x86
		{D816EB10-F9DB-43E4-B212-2DF9C3BDDEC4}.Release|Mixed Platforms.ActiveCfg = Release|x86
		{D816EB10-F9DB-43E4-B212-2DF9C3BDDEC4}.Release|Mixed Platforms.Build.0 = Release|x86
		{D816EB10-F9DB-43E4-B212-2DF9C3BDDEC4}.Release|x86.ActiveCfg = Release|x86
		{D816EB10-F9DB-43E4-B212-2DF9C3BDDEC4}.Release|x86.Build.0 = Release|x86
		{47E0AAA3-3795-4A63-86EB-13AE9124957E}.Debug|Any CPU.ActiveCfg = Debug|x86
		{47E0AAA3-3795-4A63-86EB-13AE9124957E}.Debug|Mixed Platforms.ActiveCfg = Debug|x86
		{47E0AAA3-3795-4A63-86EB-13AE9124957E}.Debug|Mixed Platforms.Build.0 = Debug|x86
		{47E0AAA3-3795-4A63-86EB-13AE9124957E}.Debug|x86.ActiveCfg = Debug|x86
		{47E0AAA3-3795-4A63-86EB-13AE9124957E}.Debug|x86.Build.0 = Debug|x86
		{47E0AAA3-3795-4A63-86EB-13AE9124957E}.Release|Any CPU.ActiveCfg = Release|x86
		{47E0AAA3-3795-4A63-86EB-13AE9124957E}.Release|Mixed Platforms.ActiveCfg = Release|x86
		{47E0AAA3-3795-4A63-86EB-13AE9124957E}.Release|Mixed Platforms.Build.0 = Release|x86
		{47E0AAA3-3795-4A63-86EB-13AE9124957E}.Release|x86.ActiveCfg = Release|x86
		{47E0AAA3-3795-4A63-86EB-13AE9124957E}.Release|x86.Build.0 = Release|x86
		{BC2F228E-A859-4900-8064-64BFF008A677}.Debug|Any CPU.ActiveCfg = Debug|x86
		{BC2F228E-A859-4900-8064-64BFF008A677}.Debug|Mixed Platforms.ActiveCfg = Debug|x86
		{BC2F228E-A859-4900-8064-64BFF008A677}.Debug|Mixed Platforms.Build.0 = Debug|x86
		{BC2F228E-A859-4900-8064-64BFF008A677}.Debug|x86.ActiveCfg = Debug|x86
		{BC2F228E-A859-4900-8064-64BFF008A677}.Debug|x86.Build.0 = Debug|x86
		{BC2F228E-A859-4900-8064-64BFF008A677}.Release|Any CPU.ActiveCfg = Release|x86
		{BC2F228E-A859-4900-8064-64BFF008A677}.Release|Mixed Platforms.ActiveCfg = Release|x86
		{BC2F228E-A859-4900-8064-64BFF008A677}.Release|Mixed Platforms.Build.0 = Release|x86
		{BC2F228E-A859-4900-8064-64BFF008A677}.Release|x86.ActiveCfg = Release|x86
		{BC2F228E-A859-4900-8064-64BFF008A677}.Release|x86.Build.0 = Release|x86
		{27A0F770-3B17-436D-8950-F17D8FEE06FC}.Debug|Any CPU.ActiveCfg = Debug|x86
		{27A0F770-3B17-436D-8950-F17D8FEE06FC}.Debug|Mixed Platforms.ActiveCfg = Debug|x86
		{27A0F770-3B17-436D-8950-F17D8FEE06FC}.Debug|Mixed Platforms.Build.0 = Debug|x86
		{27A0F770-3B17-436D-8950-F17D8FEE06FC}.Debug|x86.ActiveCfg = Debug|x86
		{27A0F770-3B17-436D-8950-F17D8FEE06FC}.Debug|x86.Build.0 = Debug|x86
		{27A0F770-3B17-436D-8950-F17D8FEE06FC}.Release|Any CPU.ActiveCfg = Release|x86
		{27A0F770-3B17-436D-8950-F17D8FEE06FC}.Release|Mixed Platforms.ActiveCfg = Release|x86
		{27A0F770-3B17-436D-8950-F17D8FEE06FC}.Release|Mixed Platforms.Build.0 = Release|x86
		{27A0F770-3B17-436D-8950-F17D8FEE06FC}.Release|x86.ActiveCfg = Release|x86
		{27A0F770-3B17-436D-8950-F17D8FEE06FC}.Release|x86.Build.0 = Release|x86
		{E90AC2FD-3158-4386-AD3E-9E3721F3195E}.Debug|Any CPU.ActiveCfg = Debug|x86
		{E90AC2FD-3158-4386-AD3E-9E3721F3195E}.Debug|Mixed Platforms.ActiveCfg = Debug|x86
		{E90AC2FD-3158-4386-AD3E-9E3721F3195E}.Debug|Mixed Platforms.Build.0 = Debug|x86
		{E90AC2FD-3158-4386-AD3E-9E3721F3195E}.Debug|x86.ActiveCfg = Debug|x86
		{E90AC2FD-3158-4386-AD3E-9E3721F3195E}.Debug|x86.Build.0 = Debug|x86
		{E90AC2FD-3158-4386-AD3E-9E3721F3195E}.Release|Any CPU.ActiveCfg = Release|x86
		{E90AC2FD-3158-4386-AD3E-9E3721F3195E}.Release|Mixed Platforms.ActiveCfg = Release|x86
		{E90AC2FD-3158-4386-AD3E-9E3721F3195E}.Release|Mixed Platforms.Build.0 = Release|x86
		{E90AC2FD-3158-4386-AD3E-9E3721F3195E}.Release|x86.ActiveCfg = Release|x86
		{E90AC2FD-3158-4386-AD3E-9E3721F3195E}.Release|x86.Build.0 = Release|x86
		{5FDD5596-8755-4022-8C1D-4FD88A0732E3}.Debug|Any CPU.ActiveCfg = Debug|x86
		{5FDD5596-8755-4022-8C1D-4FD88A0732E3}.Debug|Mixed Platforms.ActiveCfg = Debug|x86
		{5FDD5596-8755-4022-8C1D-4FD88A0732E3}.Debug|Mixed Platforms.Build.0 = Debug|x86
		{5FDD5596-8755-4022-8C1D-4FD88A0732E3}.Debug|x86.ActiveCfg = Debug|x86
		{5FDD5596-8755-4022-8C1D-4FD88A0732E3}.Debug|x86.Build.0 = Debug|x86
		{5FDD5596-8755-4022-8C1D-4FD88A0732E3}.Release|Any CPU.ActiveCfg = Release|x86
		{5FDD5596-8755-4022-8C1D-4FD88A0732E3}.Release|Mixed Platforms.ActiveCfg = Release|x86
		{5FDD5596-8755-4022-8C1D-4FD88A0732E3}.Release|Mixed Platforms.Build.0 = Release|x86
		{5FDD5596-8755-4022-8C1D-4FD88A0732E3}.Release|x86.ActiveCfg = Release|x86
		{5FDD5596-8755-4022-8C1D-4FD88A0732E3}.Release|x86.Build.0 = Release|x86
		{D309F87A-913E-4D36-A760-38BEFA07FB3E}.Debug|Any CPU.ActiveCfg = Debug|Any CPU
		{D309F87A-913E-4D36-A760-38BEFA07FB3E}.Debug|Any CPU.Build.0 = Debug|Any CPU
		{D309F87A-913E-4D36-A760-38BEFA07FB3E}.Debug|Mixed Platforms.ActiveCfg = Debug|Any CPU
		{D309F87A-913E-4D36-A760-38BEFA07FB3E}.Debug|Mixed Platforms.Build.0 = Debug|Any CPU
		{D309F87A-913E-4D36-A760-38BEFA07FB3E}.Debug|x86.ActiveCfg = Debug|Any CPU
		{D309F87A-913E-4D36-A760-38BEFA07FB3E}.Release|Any CPU.ActiveCfg = Release|Any CPU
		{D309F87A-913E-4D36-A760-38BEFA07FB3E}.Release|Any CPU.Build.0 = Release|Any CPU
		{D309F87A-913E-4D36-A760-38BEFA07FB3E}.Release|Mixed Platforms.ActiveCfg = Release|Any CPU
		{D309F87A-913E-4D36-A760-38BEFA07FB3E}.Release|Mixed Platforms.Build.0 = Release|Any CPU
		{D309F87A-913E-4D36-A760-38BEFA07FB3E}.Release|x86.ActiveCfg = Release|Any CPU
		{A7B64FAA-9006-4C8E-AB29-7B2B994B3951}.Debug|Any CPU.ActiveCfg = Debug|Any CPU
		{A7B64FAA-9006-4C8E-AB29-7B2B994B3951}.Debug|Any CPU.Build.0 = Debug|Any CPU
		{A7B64FAA-9006-4C8E-AB29-7B2B994B3951}.Debug|Mixed Platforms.ActiveCfg = Debug|Any CPU
		{A7B64FAA-9006-4C8E-AB29-7B2B994B3951}.Debug|Mixed Platforms.Build.0 = Debug|Any CPU
		{A7B64FAA-9006-4C8E-AB29-7B2B994B3951}.Debug|x86.ActiveCfg = Debug|Any CPU
		{A7B64FAA-9006-4C8E-AB29-7B2B994B3951}.Release|Any CPU.ActiveCfg = Release|Any CPU
		{A7B64FAA-9006-4C8E-AB29-7B2B994B3951}.Release|Any CPU.Build.0 = Release|Any CPU
		{A7B64FAA-9006-4C8E-AB29-7B2B994B3951}.Release|Mixed Platforms.ActiveCfg = Release|Any CPU
		{A7B64FAA-9006-4C8E-AB29-7B2B994B3951}.Release|Mixed Platforms.Build.0 = Release|Any CPU
		{A7B64FAA-9006-4C8E-AB29-7B2B994B3951}.Release|x86.ActiveCfg = Release|Any CPU
		{C9FB85E8-041C-4F75-9710-49C02F616B6F}.Debug|Any CPU.ActiveCfg = Debug|x86
		{C9FB85E8-041C-4F75-9710-49C02F616B6F}.Debug|Mixed Platforms.ActiveCfg = Debug|x86
		{C9FB85E8-041C-4F75-9710-49C02F616B6F}.Debug|Mixed Platforms.Build.0 = Debug|x86
		{C9FB85E8-041C-4F75-9710-49C02F616B6F}.Debug|x86.ActiveCfg = Debug|x86
		{C9FB85E8-041C-4F75-9710-49C02F616B6F}.Debug|x86.Build.0 = Debug|x86
		{C9FB85E8-041C-4F75-9710-49C02F616B6F}.Release|Any CPU.ActiveCfg = Release|x86
		{C9FB85E8-041C-4F75-9710-49C02F616B6F}.Release|Mixed Platforms.ActiveCfg = Release|x86
		{C9FB85E8-041C-4F75-9710-49C02F616B6F}.Release|Mixed Platforms.Build.0 = Release|x86
		{C9FB85E8-041C-4F75-9710-49C02F616B6F}.Release|x86.ActiveCfg = Release|x86
		{C9FB85E8-041C-4F75-9710-49C02F616B6F}.Release|x86.Build.0 = Release|x86
		{EDA60059-C981-4F3A-A6E8-38929EDEE1F8}.Debug|Any CPU.ActiveCfg = Debug|x86
		{EDA60059-C981-4F3A-A6E8-38929EDEE1F8}.Debug|Mixed Platforms.ActiveCfg = Debug|x86
		{EDA60059-C981-4F3A-A6E8-38929EDEE1F8}.Debug|Mixed Platforms.Build.0 = Debug|x86
		{EDA60059-C981-4F3A-A6E8-38929EDEE1F8}.Debug|x86.ActiveCfg = Debug|x86
		{EDA60059-C981-4F3A-A6E8-38929EDEE1F8}.Debug|x86.Build.0 = Debug|x86
		{EDA60059-C981-4F3A-A6E8-38929EDEE1F8}.Release|Any CPU.ActiveCfg = Release|x86
		{EDA60059-C981-4F3A-A6E8-38929EDEE1F8}.Release|Mixed Platforms.ActiveCfg = Release|x86
		{EDA60059-C981-4F3A-A6E8-38929EDEE1F8}.Release|Mixed Platforms.Build.0 = Release|x86
		{EDA60059-C981-4F3A-A6E8-38929EDEE1F8}.Release|x86.ActiveCfg = Release|x86
		{EDA60059-C981-4F3A-A6E8-38929EDEE1F8}.Release|x86.Build.0 = Release|x86
		{CB22312F-08DC-49C2-8F50-307312EE94A9}.Debug|Any CPU.ActiveCfg = Debug|x86
		{CB22312F-08DC-49C2-8F50-307312EE94A9}.Debug|Mixed Platforms.ActiveCfg = Debug|x86
		{CB22312F-08DC-49C2-8F50-307312EE94A9}.Debug|Mixed Platforms.Build.0 = Debug|x86
		{CB22312F-08DC-49C2-8F50-307312EE94A9}.Debug|x86.ActiveCfg = Debug|x86
		{CB22312F-08DC-49C2-8F50-307312EE94A9}.Debug|x86.Build.0 = Debug|x86
		{CB22312F-08DC-49C2-8F50-307312EE94A9}.Release|Any CPU.ActiveCfg = Release|x86
		{CB22312F-08DC-49C2-8F50-307312EE94A9}.Release|Mixed Platforms.ActiveCfg = Release|x86
		{CB22312F-08DC-49C2-8F50-307312EE94A9}.Release|Mixed Platforms.Build.0 = Release|x86
		{CB22312F-08DC-49C2-8F50-307312EE94A9}.Release|x86.ActiveCfg = Release|x86
		{CB22312F-08DC-49C2-8F50-307312EE94A9}.Release|x86.Build.0 = Release|x86
		{3C94E0CF-EE81-4A05-989A-360B82C7A525}.Debug|Any CPU.ActiveCfg = Debug|x86
		{3C94E0CF-EE81-4A05-989A-360B82C7A525}.Debug|Mixed Platforms.ActiveCfg = Debug|x86
		{3C94E0CF-EE81-4A05-989A-360B82C7A525}.Debug|Mixed Platforms.Build.0 = Debug|x86
		{3C94E0CF-EE81-4A05-989A-360B82C7A525}.Debug|x86.ActiveCfg = Debug|x86
		{3C94E0CF-EE81-4A05-989A-360B82C7A525}.Debug|x86.Build.0 = Debug|x86
		{3C94E0CF-EE81-4A05-989A-360B82C7A525}.Release|Any CPU.ActiveCfg = Release|x86
		{3C94E0CF-EE81-4A05-989A-360B82C7A525}.Release|Mixed Platforms.ActiveCfg = Release|x86
		{3C94E0CF-EE81-4A05-989A-360B82C7A525}.Release|Mixed Platforms.Build.0 = Release|x86
		{3C94E0CF-EE81-4A05-989A-360B82C7A525}.Release|x86.ActiveCfg = Release|x86
		{3C94E0CF-EE81-4A05-989A-360B82C7A525}.Release|x86.Build.0 = Release|x86
		{586CB9EA-729D-45E1-8245-35EA81094BFB}.Debug|Any CPU.ActiveCfg = Debug|x86
		{586CB9EA-729D-45E1-8245-35EA81094BFB}.Debug|Mixed Platforms.ActiveCfg = Debug|x86
		{586CB9EA-729D-45E1-8245-35EA81094BFB}.Debug|Mixed Platforms.Build.0 = Debug|x86
		{586CB9EA-729D-45E1-8245-35EA81094BFB}.Debug|x86.ActiveCfg = Debug|x86
		{586CB9EA-729D-45E1-8245-35EA81094BFB}.Debug|x86.Build.0 = Debug|x86
		{586CB9EA-729D-45E1-8245-35EA81094BFB}.Release|Any CPU.ActiveCfg = Release|x86
		{586CB9EA-729D-45E1-8245-35EA81094BFB}.Release|Mixed Platforms.ActiveCfg = Release|x86
		{586CB9EA-729D-45E1-8245-35EA81094BFB}.Release|Mixed Platforms.Build.0 = Release|x86
		{586CB9EA-729D-45E1-8245-35EA81094BFB}.Release|x86.ActiveCfg = Release|x86
		{586CB9EA-729D-45E1-8245-35EA81094BFB}.Release|x86.Build.0 = Release|x86
		{947BFBF8-DF86-4B54-BE29-B6E650A53407}.Debug|Any CPU.ActiveCfg = Debug|x86
		{947BFBF8-DF86-4B54-BE29-B6E650A53407}.Debug|Mixed Platforms.ActiveCfg = Debug|x86
		{947BFBF8-DF86-4B54-BE29-B6E650A53407}.Debug|Mixed Platforms.Build.0 = Debug|x86
		{947BFBF8-DF86-4B54-BE29-B6E650A53407}.Debug|x86.ActiveCfg = Debug|x86
		{947BFBF8-DF86-4B54-BE29-B6E650A53407}.Debug|x86.Build.0 = Debug|x86
		{947BFBF8-DF86-4B54-BE29-B6E650A53407}.Release|Any CPU.ActiveCfg = Release|x86
		{947BFBF8-DF86-4B54-BE29-B6E650A53407}.Release|Mixed Platforms.ActiveCfg = Release|x86
		{947BFBF8-DF86-4B54-BE29-B6E650A53407}.Release|Mixed Platforms.Build.0 = Release|x86
		{947BFBF8-DF86-4B54-BE29-B6E650A53407}.Release|x86.ActiveCfg = Release|x86
		{947BFBF8-DF86-4B54-BE29-B6E650A53407}.Release|x86.Build.0 = Release|x86
		{B67DE150-4C4E-473C-98CA-706A160D1F31}.Debug|Any CPU.ActiveCfg = Debug|x86
		{B67DE150-4C4E-473C-98CA-706A160D1F31}.Debug|Mixed Platforms.ActiveCfg = Debug|x86
		{B67DE150-4C4E-473C-98CA-706A160D1F31}.Debug|Mixed Platforms.Build.0 = Debug|x86
		{B67DE150-4C4E-473C-98CA-706A160D1F31}.Debug|x86.ActiveCfg = Debug|x86
		{B67DE150-4C4E-473C-98CA-706A160D1F31}.Debug|x86.Build.0 = Debug|x86
		{B67DE150-4C4E-473C-98CA-706A160D1F31}.Release|Any CPU.ActiveCfg = Release|x86
		{B67DE150-4C4E-473C-98CA-706A160D1F31}.Release|Mixed Platforms.ActiveCfg = Release|x86
		{B67DE150-4C4E-473C-98CA-706A160D1F31}.Release|Mixed Platforms.Build.0 = Release|x86
		{B67DE150-4C4E-473C-98CA-706A160D1F31}.Release|x86.ActiveCfg = Release|x86
		{B67DE150-4C4E-473C-98CA-706A160D1F31}.Release|x86.Build.0 = Release|x86
		{165FC678-7BD5-4325-849E-C12E6D3DC54A}.Debug|Any CPU.ActiveCfg = Debug|x86
		{165FC678-7BD5-4325-849E-C12E6D3DC54A}.Debug|Mixed Platforms.ActiveCfg = Debug|x86
		{165FC678-7BD5-4325-849E-C12E6D3DC54A}.Debug|Mixed Platforms.Build.0 = Debug|x86
		{165FC678-7BD5-4325-849E-C12E6D3DC54A}.Debug|x86.ActiveCfg = Debug|x86
		{165FC678-7BD5-4325-849E-C12E6D3DC54A}.Debug|x86.Build.0 = Debug|x86
		{165FC678-7BD5-4325-849E-C12E6D3DC54A}.Release|Any CPU.ActiveCfg = Release|x86
		{165FC678-7BD5-4325-849E-C12E6D3DC54A}.Release|Mixed Platforms.ActiveCfg = Release|x86
		{165FC678-7BD5-4325-849E-C12E6D3DC54A}.Release|Mixed Platforms.Build.0 = Release|x86
		{165FC678-7BD5-4325-849E-C12E6D3DC54A}.Release|x86.ActiveCfg = Release|x86
		{165FC678-7BD5-4325-849E-C12E6D3DC54A}.Release|x86.Build.0 = Release|x86
		{9148A432-0C83-4417-9818-D897FE2E14BB}.Debug|Any CPU.ActiveCfg = Debug|x86
		{9148A432-0C83-4417-9818-D897FE2E14BB}.Debug|Mixed Platforms.ActiveCfg = Debug|x86
		{9148A432-0C83-4417-9818-D897FE2E14BB}.Debug|Mixed Platforms.Build.0 = Debug|x86
		{9148A432-0C83-4417-9818-D897FE2E14BB}.Debug|x86.ActiveCfg = Debug|x86
		{9148A432-0C83-4417-9818-D897FE2E14BB}.Debug|x86.Build.0 = Debug|x86
		{9148A432-0C83-4417-9818-D897FE2E14BB}.Release|Any CPU.ActiveCfg = Release|x86
		{9148A432-0C83-4417-9818-D897FE2E14BB}.Release|Mixed Platforms.ActiveCfg = Release|x86
		{9148A432-0C83-4417-9818-D897FE2E14BB}.Release|Mixed Platforms.Build.0 = Release|x86
		{9148A432-0C83-4417-9818-D897FE2E14BB}.Release|x86.ActiveCfg = Release|x86
		{9148A432-0C83-4417-9818-D897FE2E14BB}.Release|x86.Build.0 = Release|x86
		{3F262DD4-DDAE-4D7F-BB24-ECB490D19BA2}.Debug|Any CPU.ActiveCfg = Debug|x86
		{3F262DD4-DDAE-4D7F-BB24-ECB490D19BA2}.Debug|Mixed Platforms.ActiveCfg = Debug|x86
		{3F262DD4-DDAE-4D7F-BB24-ECB490D19BA2}.Debug|Mixed Platforms.Build.0 = Debug|x86
		{3F262DD4-DDAE-4D7F-BB24-ECB490D19BA2}.Debug|x86.ActiveCfg = Debug|x86
		{3F262DD4-DDAE-4D7F-BB24-ECB490D19BA2}.Debug|x86.Build.0 = Debug|x86
		{3F262DD4-DDAE-4D7F-BB24-ECB490D19BA2}.Release|Any CPU.ActiveCfg = Release|x86
		{3F262DD4-DDAE-4D7F-BB24-ECB490D19BA2}.Release|Mixed Platforms.ActiveCfg = Release|x86
		{3F262DD4-DDAE-4D7F-BB24-ECB490D19BA2}.Release|Mixed Platforms.Build.0 = Release|x86
		{3F262DD4-DDAE-4D7F-BB24-ECB490D19BA2}.Release|x86.ActiveCfg = Release|x86
		{3F262DD4-DDAE-4D7F-BB24-ECB490D19BA2}.Release|x86.Build.0 = Release|x86
		{D712D0D6-541B-48E0-8498-EEF3FBAC99DF}.Debug|Any CPU.ActiveCfg = Debug|Any CPU
		{D712D0D6-541B-48E0-8498-EEF3FBAC99DF}.Debug|Any CPU.Build.0 = Debug|Any CPU
		{D712D0D6-541B-48E0-8498-EEF3FBAC99DF}.Debug|Mixed Platforms.ActiveCfg = Debug|Any CPU
		{D712D0D6-541B-48E0-8498-EEF3FBAC99DF}.Debug|Mixed Platforms.Build.0 = Debug|Any CPU
		{D712D0D6-541B-48E0-8498-EEF3FBAC99DF}.Debug|x86.ActiveCfg = Debug|Any CPU
		{D712D0D6-541B-48E0-8498-EEF3FBAC99DF}.Release|Any CPU.ActiveCfg = Release|Any CPU
		{D712D0D6-541B-48E0-8498-EEF3FBAC99DF}.Release|Any CPU.Build.0 = Release|Any CPU
		{D712D0D6-541B-48E0-8498-EEF3FBAC99DF}.Release|Mixed Platforms.ActiveCfg = Release|Any CPU
		{D712D0D6-541B-48E0-8498-EEF3FBAC99DF}.Release|Mixed Platforms.Build.0 = Release|Any CPU
		{D712D0D6-541B-48E0-8498-EEF3FBAC99DF}.Release|x86.ActiveCfg = Release|Any CPU
		{97F770D9-A48C-43EB-8909-6DA2BE3FBB39}.Debug|Any CPU.ActiveCfg = Debug|Any CPU
		{97F770D9-A48C-43EB-8909-6DA2BE3FBB39}.Debug|Any CPU.Build.0 = Debug|Any CPU
		{97F770D9-A48C-43EB-8909-6DA2BE3FBB39}.Debug|Mixed Platforms.ActiveCfg = Debug|Any CPU
		{97F770D9-A48C-43EB-8909-6DA2BE3FBB39}.Debug|Mixed Platforms.Build.0 = Debug|Any CPU
		{97F770D9-A48C-43EB-8909-6DA2BE3FBB39}.Debug|x86.ActiveCfg = Debug|Any CPU
		{97F770D9-A48C-43EB-8909-6DA2BE3FBB39}.Release|Any CPU.ActiveCfg = Release|Any CPU
		{97F770D9-A48C-43EB-8909-6DA2BE3FBB39}.Release|Any CPU.Build.0 = Release|Any CPU
		{97F770D9-A48C-43EB-8909-6DA2BE3FBB39}.Release|Mixed Platforms.ActiveCfg = Release|Any CPU
		{97F770D9-A48C-43EB-8909-6DA2BE3FBB39}.Release|Mixed Platforms.Build.0 = Release|Any CPU
		{97F770D9-A48C-43EB-8909-6DA2BE3FBB39}.Release|x86.ActiveCfg = Release|Any CPU
		{96016189-0F10-48E6-8C9F-ABA6FE7B354A}.Debug|Any CPU.ActiveCfg = Debug|Any CPU
		{96016189-0F10-48E6-8C9F-ABA6FE7B354A}.Debug|Any CPU.Build.0 = Debug|Any CPU
		{96016189-0F10-48E6-8C9F-ABA6FE7B354A}.Debug|Mixed Platforms.ActiveCfg = Debug|Any CPU
		{96016189-0F10-48E6-8C9F-ABA6FE7B354A}.Debug|Mixed Platforms.Build.0 = Debug|Any CPU
		{96016189-0F10-48E6-8C9F-ABA6FE7B354A}.Debug|x86.ActiveCfg = Debug|Any CPU
		{96016189-0F10-48E6-8C9F-ABA6FE7B354A}.Release|Any CPU.ActiveCfg = Release|Any CPU
		{96016189-0F10-48E6-8C9F-ABA6FE7B354A}.Release|Any CPU.Build.0 = Release|Any CPU
		{96016189-0F10-48E6-8C9F-ABA6FE7B354A}.Release|Mixed Platforms.ActiveCfg = Release|Any CPU
		{96016189-0F10-48E6-8C9F-ABA6FE7B354A}.Release|Mixed Platforms.Build.0 = Release|Any CPU
		{96016189-0F10-48E6-8C9F-ABA6FE7B354A}.Release|x86.ActiveCfg = Release|Any CPU
		{17750EDB-A99F-4F4B-B7A1-C4C4F6C4B612}.Debug|Any CPU.ActiveCfg = Debug|Any CPU
		{17750EDB-A99F-4F4B-B7A1-C4C4F6C4B612}.Debug|Any CPU.Build.0 = Debug|Any CPU
		{17750EDB-A99F-4F4B-B7A1-C4C4F6C4B612}.Debug|Mixed Platforms.ActiveCfg = Debug|Any CPU
		{17750EDB-A99F-4F4B-B7A1-C4C4F6C4B612}.Debug|Mixed Platforms.Build.0 = Debug|Any CPU
		{17750EDB-A99F-4F4B-B7A1-C4C4F6C4B612}.Debug|x86.ActiveCfg = Debug|Any CPU
		{17750EDB-A99F-4F4B-B7A1-C4C4F6C4B612}.Release|Any CPU.ActiveCfg = Release|Any CPU
		{17750EDB-A99F-4F4B-B7A1-C4C4F6C4B612}.Release|Any CPU.Build.0 = Release|Any CPU
		{17750EDB-A99F-4F4B-B7A1-C4C4F6C4B612}.Release|Mixed Platforms.ActiveCfg = Release|Any CPU
		{17750EDB-A99F-4F4B-B7A1-C4C4F6C4B612}.Release|Mixed Platforms.Build.0 = Release|Any CPU
		{17750EDB-A99F-4F4B-B7A1-C4C4F6C4B612}.Release|x86.ActiveCfg = Release|Any CPU
		{F05A47F8-B6EF-4E01-8CB8-8980B9D5F0A3}.Debug|Any CPU.ActiveCfg = Debug|Any CPU
		{F05A47F8-B6EF-4E01-8CB8-8980B9D5F0A3}.Debug|Any CPU.Build.0 = Debug|Any CPU
		{F05A47F8-B6EF-4E01-8CB8-8980B9D5F0A3}.Debug|Mixed Platforms.ActiveCfg = Debug|Any CPU
		{F05A47F8-B6EF-4E01-8CB8-8980B9D5F0A3}.Debug|Mixed Platforms.Build.0 = Debug|Any CPU
		{F05A47F8-B6EF-4E01-8CB8-8980B9D5F0A3}.Debug|x86.ActiveCfg = Debug|Any CPU
		{F05A47F8-B6EF-4E01-8CB8-8980B9D5F0A3}.Release|Any CPU.ActiveCfg = Release|Any CPU
		{F05A47F8-B6EF-4E01-8CB8-8980B9D5F0A3}.Release|Any CPU.Build.0 = Release|Any CPU
		{F05A47F8-B6EF-4E01-8CB8-8980B9D5F0A3}.Release|Mixed Platforms.ActiveCfg = Release|Any CPU
		{F05A47F8-B6EF-4E01-8CB8-8980B9D5F0A3}.Release|Mixed Platforms.Build.0 = Release|Any CPU
		{F05A47F8-B6EF-4E01-8CB8-8980B9D5F0A3}.Release|x86.ActiveCfg = Release|Any CPU
		{B182B737-BCFF-41FE-B57B-01D94BC361BB}.Debug|Any CPU.ActiveCfg = Debug|Any CPU
		{B182B737-BCFF-41FE-B57B-01D94BC361BB}.Debug|Any CPU.Build.0 = Debug|Any CPU
		{B182B737-BCFF-41FE-B57B-01D94BC361BB}.Debug|Mixed Platforms.ActiveCfg = Debug|Any CPU
		{B182B737-BCFF-41FE-B57B-01D94BC361BB}.Debug|Mixed Platforms.Build.0 = Debug|Any CPU
		{B182B737-BCFF-41FE-B57B-01D94BC361BB}.Debug|x86.ActiveCfg = Debug|Any CPU
		{B182B737-BCFF-41FE-B57B-01D94BC361BB}.Release|Any CPU.ActiveCfg = Release|Any CPU
		{B182B737-BCFF-41FE-B57B-01D94BC361BB}.Release|Any CPU.Build.0 = Release|Any CPU
		{B182B737-BCFF-41FE-B57B-01D94BC361BB}.Release|Mixed Platforms.ActiveCfg = Release|Any CPU
		{B182B737-BCFF-41FE-B57B-01D94BC361BB}.Release|Mixed Platforms.Build.0 = Release|Any CPU
		{B182B737-BCFF-41FE-B57B-01D94BC361BB}.Release|x86.ActiveCfg = Release|Any CPU
		{C507B0F5-5790-4AF9-AA83-BEE1E0FF8990}.Debug|Any CPU.ActiveCfg = Debug|x86
		{C507B0F5-5790-4AF9-AA83-BEE1E0FF8990}.Debug|Mixed Platforms.ActiveCfg = Debug|x86
		{C507B0F5-5790-4AF9-AA83-BEE1E0FF8990}.Debug|Mixed Platforms.Build.0 = Debug|x86
		{C507B0F5-5790-4AF9-AA83-BEE1E0FF8990}.Debug|x86.ActiveCfg = Debug|x86
		{C507B0F5-5790-4AF9-AA83-BEE1E0FF8990}.Debug|x86.Build.0 = Debug|x86
		{C507B0F5-5790-4AF9-AA83-BEE1E0FF8990}.Release|Any CPU.ActiveCfg = Release|x86
		{C507B0F5-5790-4AF9-AA83-BEE1E0FF8990}.Release|Mixed Platforms.ActiveCfg = Release|x86
		{C507B0F5-5790-4AF9-AA83-BEE1E0FF8990}.Release|Mixed Platforms.Build.0 = Release|x86
		{C507B0F5-5790-4AF9-AA83-BEE1E0FF8990}.Release|x86.ActiveCfg = Release|x86
		{C507B0F5-5790-4AF9-AA83-BEE1E0FF8990}.Release|x86.Build.0 = Release|x86
		{4F1676B8-82A9-4393-8D64-8D0171DEBEB3}.Debug|Any CPU.ActiveCfg = Debug|x86
		{4F1676B8-82A9-4393-8D64-8D0171DEBEB3}.Debug|Mixed Platforms.ActiveCfg = Debug|x86
		{4F1676B8-82A9-4393-8D64-8D0171DEBEB3}.Debug|Mixed Platforms.Build.0 = Debug|x86
		{4F1676B8-82A9-4393-8D64-8D0171DEBEB3}.Debug|x86.ActiveCfg = Debug|x86
		{4F1676B8-82A9-4393-8D64-8D0171DEBEB3}.Debug|x86.Build.0 = Debug|x86
		{4F1676B8-82A9-4393-8D64-8D0171DEBEB3}.Release|Any CPU.ActiveCfg = Release|x86
		{4F1676B8-82A9-4393-8D64-8D0171DEBEB3}.Release|Mixed Platforms.ActiveCfg = Release|x86
		{4F1676B8-82A9-4393-8D64-8D0171DEBEB3}.Release|Mixed Platforms.Build.0 = Release|x86
		{4F1676B8-82A9-4393-8D64-8D0171DEBEB3}.Release|x86.ActiveCfg = Release|x86
		{4F1676B8-82A9-4393-8D64-8D0171DEBEB3}.Release|x86.Build.0 = Release|x86
		{1ED76F79-FFF2-4F69-A9DE-41760C69CEBD}.Debug|Any CPU.ActiveCfg = Debug|x86
		{1ED76F79-FFF2-4F69-A9DE-41760C69CEBD}.Debug|Mixed Platforms.ActiveCfg = Debug|x86
		{1ED76F79-FFF2-4F69-A9DE-41760C69CEBD}.Debug|Mixed Platforms.Build.0 = Debug|x86
		{1ED76F79-FFF2-4F69-A9DE-41760C69CEBD}.Debug|x86.ActiveCfg = Debug|x86
		{1ED76F79-FFF2-4F69-A9DE-41760C69CEBD}.Debug|x86.Build.0 = Debug|x86
		{1ED76F79-FFF2-4F69-A9DE-41760C69CEBD}.Release|Any CPU.ActiveCfg = Release|x86
		{1ED76F79-FFF2-4F69-A9DE-41760C69CEBD}.Release|Mixed Platforms.ActiveCfg = Release|x86
		{1ED76F79-FFF2-4F69-A9DE-41760C69CEBD}.Release|Mixed Platforms.Build.0 = Release|x86
		{1ED76F79-FFF2-4F69-A9DE-41760C69CEBD}.Release|x86.ActiveCfg = Release|x86
		{1ED76F79-FFF2-4F69-A9DE-41760C69CEBD}.Release|x86.Build.0 = Release|x86
		{253BDCC1-BBBB-4ACF-BD10-0F50C05A6FC1}.Debug|Any CPU.ActiveCfg = Debug|x86
		{253BDCC1-BBBB-4ACF-BD10-0F50C05A6FC1}.Debug|Mixed Platforms.ActiveCfg = Debug|x86
		{253BDCC1-BBBB-4ACF-BD10-0F50C05A6FC1}.Debug|Mixed Platforms.Build.0 = Debug|x86
		{253BDCC1-BBBB-4ACF-BD10-0F50C05A6FC1}.Debug|x86.ActiveCfg = Debug|x86
		{253BDCC1-BBBB-4ACF-BD10-0F50C05A6FC1}.Debug|x86.Build.0 = Debug|x86
		{253BDCC1-BBBB-4ACF-BD10-0F50C05A6FC1}.Release|Any CPU.ActiveCfg = Release|x86
		{253BDCC1-BBBB-4ACF-BD10-0F50C05A6FC1}.Release|Mixed Platforms.ActiveCfg = Release|x86
		{253BDCC1-BBBB-4ACF-BD10-0F50C05A6FC1}.Release|Mixed Platforms.Build.0 = Release|x86
		{253BDCC1-BBBB-4ACF-BD10-0F50C05A6FC1}.Release|x86.ActiveCfg = Release|x86
		{253BDCC1-BBBB-4ACF-BD10-0F50C05A6FC1}.Release|x86.Build.0 = Release|x86
		{975E664E-55E7-4490-8FF3-B7A09D5B164A}.Debug|Any CPU.ActiveCfg = Debug|x86
		{975E664E-55E7-4490-8FF3-B7A09D5B164A}.Debug|Mixed Platforms.ActiveCfg = Debug|x86
		{975E664E-55E7-4490-8FF3-B7A09D5B164A}.Debug|Mixed Platforms.Build.0 = Debug|x86
		{975E664E-55E7-4490-8FF3-B7A09D5B164A}.Debug|x86.ActiveCfg = Debug|x86
		{975E664E-55E7-4490-8FF3-B7A09D5B164A}.Debug|x86.Build.0 = Debug|x86
		{975E664E-55E7-4490-8FF3-B7A09D5B164A}.Release|Any CPU.ActiveCfg = Release|x86
		{975E664E-55E7-4490-8FF3-B7A09D5B164A}.Release|Mixed Platforms.ActiveCfg = Release|x86
		{975E664E-55E7-4490-8FF3-B7A09D5B164A}.Release|Mixed Platforms.Build.0 = Release|x86
		{975E664E-55E7-4490-8FF3-B7A09D5B164A}.Release|x86.ActiveCfg = Release|x86
		{975E664E-55E7-4490-8FF3-B7A09D5B164A}.Release|x86.Build.0 = Release|x86
		{F7F92E5A-BCC6-4C9E-BF97-9478FF416566}.Debug|Any CPU.ActiveCfg = Debug|x86
		{F7F92E5A-BCC6-4C9E-BF97-9478FF416566}.Debug|Mixed Platforms.ActiveCfg = Debug|x86
		{F7F92E5A-BCC6-4C9E-BF97-9478FF416566}.Debug|Mixed Platforms.Build.0 = Debug|x86
		{F7F92E5A-BCC6-4C9E-BF97-9478FF416566}.Debug|x86.ActiveCfg = Debug|x86
		{F7F92E5A-BCC6-4C9E-BF97-9478FF416566}.Debug|x86.Build.0 = Debug|x86
		{F7F92E5A-BCC6-4C9E-BF97-9478FF416566}.Release|Any CPU.ActiveCfg = Release|x86
		{F7F92E5A-BCC6-4C9E-BF97-9478FF416566}.Release|Mixed Platforms.ActiveCfg = Release|x86
		{F7F92E5A-BCC6-4C9E-BF97-9478FF416566}.Release|Mixed Platforms.Build.0 = Release|x86
		{F7F92E5A-BCC6-4C9E-BF97-9478FF416566}.Release|x86.ActiveCfg = Release|x86
		{F7F92E5A-BCC6-4C9E-BF97-9478FF416566}.Release|x86.Build.0 = Release|x86
		{087CC332-FBB3-425E-9707-090DDD0ED66A}.Debug|Any CPU.ActiveCfg = Debug|x86
		{087CC332-FBB3-425E-9707-090DDD0ED66A}.Debug|Mixed Platforms.ActiveCfg = Debug|x86
		{087CC332-FBB3-425E-9707-090DDD0ED66A}.Debug|Mixed Platforms.Build.0 = Debug|x86
		{087CC332-FBB3-425E-9707-090DDD0ED66A}.Debug|x86.ActiveCfg = Debug|x86
		{087CC332-FBB3-425E-9707-090DDD0ED66A}.Debug|x86.Build.0 = Debug|x86
		{087CC332-FBB3-425E-9707-090DDD0ED66A}.Release|Any CPU.ActiveCfg = Release|x86
		{087CC332-FBB3-425E-9707-090DDD0ED66A}.Release|Mixed Platforms.ActiveCfg = Release|x86
		{087CC332-FBB3-425E-9707-090DDD0ED66A}.Release|Mixed Platforms.Build.0 = Release|x86
		{087CC332-FBB3-425E-9707-090DDD0ED66A}.Release|x86.ActiveCfg = Release|x86
		{087CC332-FBB3-425E-9707-090DDD0ED66A}.Release|x86.Build.0 = Release|x86
		{64833393-F89B-4B5A-B716-8B81246623FF}.Debug|Any CPU.ActiveCfg = Debug|x86
		{64833393-F89B-4B5A-B716-8B81246623FF}.Debug|Mixed Platforms.ActiveCfg = Debug|x86
		{64833393-F89B-4B5A-B716-8B81246623FF}.Debug|Mixed Platforms.Build.0 = Debug|x86
		{64833393-F89B-4B5A-B716-8B81246623FF}.Debug|x86.ActiveCfg = Debug|x86
		{64833393-F89B-4B5A-B716-8B81246623FF}.Debug|x86.Build.0 = Debug|x86
		{64833393-F89B-4B5A-B716-8B81246623FF}.Release|Any CPU.ActiveCfg = Release|x86
		{64833393-F89B-4B5A-B716-8B81246623FF}.Release|Mixed Platforms.ActiveCfg = Release|x86
		{64833393-F89B-4B5A-B716-8B81246623FF}.Release|Mixed Platforms.Build.0 = Release|x86
		{64833393-F89B-4B5A-B716-8B81246623FF}.Release|x86.ActiveCfg = Release|x86
		{64833393-F89B-4B5A-B716-8B81246623FF}.Release|x86.Build.0 = Release|x86
		{4462F579-91C1-4B8A-8475-6223C7E5453E}.Debug|Any CPU.ActiveCfg = Debug|x86
		{4462F579-91C1-4B8A-8475-6223C7E5453E}.Debug|Mixed Platforms.ActiveCfg = Debug|x86
		{4462F579-91C1-4B8A-8475-6223C7E5453E}.Debug|Mixed Platforms.Build.0 = Debug|x86
		{4462F579-91C1-4B8A-8475-6223C7E5453E}.Debug|x86.ActiveCfg = Debug|x86
		{4462F579-91C1-4B8A-8475-6223C7E5453E}.Debug|x86.Build.0 = Debug|x86
		{4462F579-91C1-4B8A-8475-6223C7E5453E}.Release|Any CPU.ActiveCfg = Release|x86
		{4462F579-91C1-4B8A-8475-6223C7E5453E}.Release|Mixed Platforms.ActiveCfg = Release|x86
		{4462F579-91C1-4B8A-8475-6223C7E5453E}.Release|Mixed Platforms.Build.0 = Release|x86
		{4462F579-91C1-4B8A-8475-6223C7E5453E}.Release|x86.ActiveCfg = Release|x86
		{4462F579-91C1-4B8A-8475-6223C7E5453E}.Release|x86.Build.0 = Release|x86
		{9922CBA9-A4EE-452B-BC2F-BA75BD9D4657}.Debug|Any CPU.ActiveCfg = Debug|x86
		{9922CBA9-A4EE-452B-BC2F-BA75BD9D4657}.Debug|Mixed Platforms.ActiveCfg = Debug|x86
		{9922CBA9-A4EE-452B-BC2F-BA75BD9D4657}.Debug|Mixed Platforms.Build.0 = Debug|x86
		{9922CBA9-A4EE-452B-BC2F-BA75BD9D4657}.Debug|x86.ActiveCfg = Debug|x86
		{9922CBA9-A4EE-452B-BC2F-BA75BD9D4657}.Debug|x86.Build.0 = Debug|x86
		{9922CBA9-A4EE-452B-BC2F-BA75BD9D4657}.Release|Any CPU.ActiveCfg = Release|x86
		{9922CBA9-A4EE-452B-BC2F-BA75BD9D4657}.Release|Mixed Platforms.ActiveCfg = Release|x86
		{9922CBA9-A4EE-452B-BC2F-BA75BD9D4657}.Release|Mixed Platforms.Build.0 = Release|x86
		{9922CBA9-A4EE-452B-BC2F-BA75BD9D4657}.Release|x86.ActiveCfg = Release|x86
		{9922CBA9-A4EE-452B-BC2F-BA75BD9D4657}.Release|x86.Build.0 = Release|x86
		{F53186B1-2631-4287-9A1D-C8B3D4144240}.Debug|Any CPU.ActiveCfg = Debug|x86
		{F53186B1-2631-4287-9A1D-C8B3D4144240}.Debug|Mixed Platforms.ActiveCfg = Debug|x86
		{F53186B1-2631-4287-9A1D-C8B3D4144240}.Debug|Mixed Platforms.Build.0 = Debug|x86
		{F53186B1-2631-4287-9A1D-C8B3D4144240}.Debug|x86.ActiveCfg = Debug|x86
		{F53186B1-2631-4287-9A1D-C8B3D4144240}.Debug|x86.Build.0 = Debug|x86
		{F53186B1-2631-4287-9A1D-C8B3D4144240}.Release|Any CPU.ActiveCfg = Release|x86
		{F53186B1-2631-4287-9A1D-C8B3D4144240}.Release|Mixed Platforms.ActiveCfg = Release|x86
		{F53186B1-2631-4287-9A1D-C8B3D4144240}.Release|Mixed Platforms.Build.0 = Release|x86
		{F53186B1-2631-4287-9A1D-C8B3D4144240}.Release|x86.ActiveCfg = Release|x86
		{F53186B1-2631-4287-9A1D-C8B3D4144240}.Release|x86.Build.0 = Release|x86
		{2BC49157-C2D6-4E46-8A64-D4E7441767D5}.Debug|Any CPU.ActiveCfg = Debug|x86
		{2BC49157-C2D6-4E46-8A64-D4E7441767D5}.Debug|Mixed Platforms.ActiveCfg = Debug|x86
		{2BC49157-C2D6-4E46-8A64-D4E7441767D5}.Debug|Mixed Platforms.Build.0 = Debug|x86
		{2BC49157-C2D6-4E46-8A64-D4E7441767D5}.Debug|x86.ActiveCfg = Debug|x86
		{2BC49157-C2D6-4E46-8A64-D4E7441767D5}.Debug|x86.Build.0 = Debug|x86
		{2BC49157-C2D6-4E46-8A64-D4E7441767D5}.Release|Any CPU.ActiveCfg = Release|x86
		{2BC49157-C2D6-4E46-8A64-D4E7441767D5}.Release|Mixed Platforms.ActiveCfg = Release|x86
		{2BC49157-C2D6-4E46-8A64-D4E7441767D5}.Release|Mixed Platforms.Build.0 = Release|x86
		{2BC49157-C2D6-4E46-8A64-D4E7441767D5}.Release|x86.ActiveCfg = Release|x86
		{2BC49157-C2D6-4E46-8A64-D4E7441767D5}.Release|x86.Build.0 = Release|x86
		{8463CFE4-9CAA-4CD7-941E-21338AC23B79}.Debug|Any CPU.ActiveCfg = Debug|x86
		{8463CFE4-9CAA-4CD7-941E-21338AC23B79}.Debug|Mixed Platforms.ActiveCfg = Debug|x86
		{8463CFE4-9CAA-4CD7-941E-21338AC23B79}.Debug|Mixed Platforms.Build.0 = Debug|x86
		{8463CFE4-9CAA-4CD7-941E-21338AC23B79}.Debug|x86.ActiveCfg = Debug|x86
		{8463CFE4-9CAA-4CD7-941E-21338AC23B79}.Debug|x86.Build.0 = Debug|x86
		{8463CFE4-9CAA-4CD7-941E-21338AC23B79}.Release|Any CPU.ActiveCfg = Release|x86
		{8463CFE4-9CAA-4CD7-941E-21338AC23B79}.Release|Mixed Platforms.ActiveCfg = Release|x86
		{8463CFE4-9CAA-4CD7-941E-21338AC23B79}.Release|Mixed Platforms.Build.0 = Release|x86
		{8463CFE4-9CAA-4CD7-941E-21338AC23B79}.Release|x86.ActiveCfg = Release|x86
		{8463CFE4-9CAA-4CD7-941E-21338AC23B79}.Release|x86.Build.0 = Release|x86
		{AF821EFF-BFDC-4B1F-A077-C67EE2F4D23B}.Debug|Any CPU.ActiveCfg = Debug|x86
		{AF821EFF-BFDC-4B1F-A077-C67EE2F4D23B}.Debug|Mixed Platforms.ActiveCfg = Debug|x86
		{AF821EFF-BFDC-4B1F-A077-C67EE2F4D23B}.Debug|Mixed Platforms.Build.0 = Debug|x86
		{AF821EFF-BFDC-4B1F-A077-C67EE2F4D23B}.Debug|x86.ActiveCfg = Debug|x86
		{AF821EFF-BFDC-4B1F-A077-C67EE2F4D23B}.Debug|x86.Build.0 = Debug|x86
		{AF821EFF-BFDC-4B1F-A077-C67EE2F4D23B}.Release|Any CPU.ActiveCfg = Release|x86
		{AF821EFF-BFDC-4B1F-A077-C67EE2F4D23B}.Release|Mixed Platforms.ActiveCfg = Release|x86
		{AF821EFF-BFDC-4B1F-A077-C67EE2F4D23B}.Release|Mixed Platforms.Build.0 = Release|x86
		{AF821EFF-BFDC-4B1F-A077-C67EE2F4D23B}.Release|x86.ActiveCfg = Release|x86
		{AF821EFF-BFDC-4B1F-A077-C67EE2F4D23B}.Release|x86.Build.0 = Release|x86
		{0665A714-A343-40E2-A354-F80D87ACCA99}.Debug|Any CPU.ActiveCfg = Debug|x86
		{0665A714-A343-40E2-A354-F80D87ACCA99}.Debug|Mixed Platforms.ActiveCfg = Debug|x86
		{0665A714-A343-40E2-A354-F80D87ACCA99}.Debug|Mixed Platforms.Build.0 = Debug|x86
		{0665A714-A343-40E2-A354-F80D87ACCA99}.Debug|x86.ActiveCfg = Debug|x86
		{0665A714-A343-40E2-A354-F80D87ACCA99}.Debug|x86.Build.0 = Debug|x86
		{0665A714-A343-40E2-A354-F80D87ACCA99}.Release|Any CPU.ActiveCfg = Release|x86
		{0665A714-A343-40E2-A354-F80D87ACCA99}.Release|Mixed Platforms.ActiveCfg = Release|x86
		{0665A714-A343-40E2-A354-F80D87ACCA99}.Release|Mixed Platforms.Build.0 = Release|x86
		{0665A714-A343-40E2-A354-F80D87ACCA99}.Release|x86.ActiveCfg = Release|x86
		{0665A714-A343-40E2-A354-F80D87ACCA99}.Release|x86.Build.0 = Release|x86
	EndGlobalSection
	GlobalSection(SolutionProperties) = preSolution
		HideSolutionNode = FALSE
	EndGlobalSection
	GlobalSection(NestedProjects) = preSolution
		{9D5118DE-5C37-4817-9FF8-FD689DC956A8} = {9358A324-0032-4700-B41C-08F4AA697046}
		{8B2FB46C-B2ED-4616-8206-F7D59DC3333A} = {9358A324-0032-4700-B41C-08F4AA697046}
		{3775B2BA-6126-4CF2-BCAF-2F1A9BC30F77} = {9358A324-0032-4700-B41C-08F4AA697046}
		{887DB7A1-F396-4614-B0E9-D7E91D441CF3} = {9358A324-0032-4700-B41C-08F4AA697046}
		{9270E07B-5BD2-4DEB-B087-8B593D441099} = {9358A324-0032-4700-B41C-08F4AA697046}
		{D816EB10-F9DB-43E4-B212-2DF9C3BDDEC4} = {9358A324-0032-4700-B41C-08F4AA697046}
		{47E0AAA3-3795-4A63-86EB-13AE9124957E} = {AC381322-CCFA-4682-9558-1B91E7EC9F27}
		{BC2F228E-A859-4900-8064-64BFF008A677} = {AC381322-CCFA-4682-9558-1B91E7EC9F27}
		{27A0F770-3B17-436D-8950-F17D8FEE06FC} = {AC381322-CCFA-4682-9558-1B91E7EC9F27}
		{E90AC2FD-3158-4386-AD3E-9E3721F3195E} = {1CC9E3A7-3B5A-4222-BC7C-9503BE79E2EB}
		{5FDD5596-8755-4022-8C1D-4FD88A0732E3} = {1CC9E3A7-3B5A-4222-BC7C-9503BE79E2EB}
		{D309F87A-913E-4D36-A760-38BEFA07FB3E} = {1CC9E3A7-3B5A-4222-BC7C-9503BE79E2EB}
		{A7B64FAA-9006-4C8E-AB29-7B2B994B3951} = {1CC9E3A7-3B5A-4222-BC7C-9503BE79E2EB}
		{C9FB85E8-041C-4F75-9710-49C02F616B6F} = {F7CA710C-6EFA-400B-84BC-EE51062531F7}
		{EDA60059-C981-4F3A-A6E8-38929EDEE1F8} = {F7CA710C-6EFA-400B-84BC-EE51062531F7}
		{CB22312F-08DC-49C2-8F50-307312EE94A9} = {F7CA710C-6EFA-400B-84BC-EE51062531F7}
		{3C94E0CF-EE81-4A05-989A-360B82C7A525} = {F7CA710C-6EFA-400B-84BC-EE51062531F7}
		{586CB9EA-729D-45E1-8245-35EA81094BFB} = {F7CA710C-6EFA-400B-84BC-EE51062531F7}
		{947BFBF8-DF86-4B54-BE29-B6E650A53407} = {F7CA710C-6EFA-400B-84BC-EE51062531F7}
		{B67DE150-4C4E-473C-98CA-706A160D1F31} = {F7CA710C-6EFA-400B-84BC-EE51062531F7}
		{165FC678-7BD5-4325-849E-C12E6D3DC54A} = {F7CA710C-6EFA-400B-84BC-EE51062531F7}
		{9148A432-0C83-4417-9818-D897FE2E14BB} = {F7CA710C-6EFA-400B-84BC-EE51062531F7}
		{3F262DD4-DDAE-4D7F-BB24-ECB490D19BA2} = {F7CA710C-6EFA-400B-84BC-EE51062531F7}
		{D712D0D6-541B-48E0-8498-EEF3FBAC99DF} = {59B2416B-4520-462C-B515-E3EAEB0DC9E9}
		{97F770D9-A48C-43EB-8909-6DA2BE3FBB39} = {59B2416B-4520-462C-B515-E3EAEB0DC9E9}
		{96016189-0F10-48E6-8C9F-ABA6FE7B354A} = {59B2416B-4520-462C-B515-E3EAEB0DC9E9}
		{17750EDB-A99F-4F4B-B7A1-C4C4F6C4B612} = {59B2416B-4520-462C-B515-E3EAEB0DC9E9}
		{F05A47F8-B6EF-4E01-8CB8-8980B9D5F0A3} = {59B2416B-4520-462C-B515-E3EAEB0DC9E9}
		{B182B737-BCFF-41FE-B57B-01D94BC361BB} = {72E2A8A4-1E32-4549-9ACE-55399C6B6AE4}
		{C507B0F5-5790-4AF9-AA83-BEE1E0FF8990} = {72E2A8A4-1E32-4549-9ACE-55399C6B6AE4}
		{4F1676B8-82A9-4393-8D64-8D0171DEBEB3} = {72E2A8A4-1E32-4549-9ACE-55399C6B6AE4}
		{1ED76F79-FFF2-4F69-A9DE-41760C69CEBD} = {72E2A8A4-1E32-4549-9ACE-55399C6B6AE4}
		{253BDCC1-BBBB-4ACF-BD10-0F50C05A6FC1} = {72E2A8A4-1E32-4549-9ACE-55399C6B6AE4}
		{975E664E-55E7-4490-8FF3-B7A09D5B164A} = {72E2A8A4-1E32-4549-9ACE-55399C6B6AE4}
		{F7F92E5A-BCC6-4C9E-BF97-9478FF416566} = {72E2A8A4-1E32-4549-9ACE-55399C6B6AE4}
		{087CC332-FBB3-425E-9707-090DDD0ED66A} = {72E2A8A4-1E32-4549-9ACE-55399C6B6AE4}
		{64833393-F89B-4B5A-B716-8B81246623FF} = {72E2A8A4-1E32-4549-9ACE-55399C6B6AE4}
		{4462F579-91C1-4B8A-8475-6223C7E5453E} = {72E2A8A4-1E32-4549-9ACE-55399C6B6AE4}
		{9922CBA9-A4EE-452B-BC2F-BA75BD9D4657} = {72E2A8A4-1E32-4549-9ACE-55399C6B6AE4}
		{F53186B1-2631-4287-9A1D-C8B3D4144240} = {524A9044-1229-4A2C-9282-3787F33D1CDC}
		{2BC49157-C2D6-4E46-8A64-D4E7441767D5} = {524A9044-1229-4A2C-9282-3787F33D1CDC}
		{8463CFE4-9CAA-4CD7-941E-21338AC23B79} = {524A9044-1229-4A2C-9282-3787F33D1CDC}
		{AF821EFF-BFDC-4B1F-A077-C67EE2F4D23B} = {524A9044-1229-4A2C-9282-3787F33D1CDC}
		{0665A714-A343-40E2-A354-F80D87ACCA99} = {524A9044-1229-4A2C-9282-3787F33D1CDC}
	EndGlobalSection
EndGlobal
